
Microsoft Visual Studio Solution File, Format Version 12.00
# Visual Studio 15
VisualStudioVersion = 15.0.28307.329
MinimumVisualStudioVersion = 10.0.40219.1
Project("{FAE04EC0-301F-11D3-BF4B-00C04F79EFBC}") = "Interface", "Interface\Interface.csproj", "{B82168B7-BBF1-4831-BFA6-35010587E4F7}"
EndProject
Project("{54435603-DBB4-11D2-8724-00A0C9A8B90C}") = "Setup1", "Setup1\Setup1.vdproj", "{94FA708F-2971-4C36-AB26-1E5E5F5D791C}"
EndProject
Global
	GlobalSection(SolutionConfigurationPlatforms) = preSolution
		Debug|Any CPU = Debug|Any CPU
		Release|Any CPU = Release|Any CPU
	EndGlobalSection
	GlobalSection(ProjectConfigurationPlatforms) = postSolution
		{B82168B7-BBF1-4831-BFA6-35010587E4F7}.Debug|Any CPU.ActiveCfg = Debug|Any CPU
		{B82168B7-BBF1-4831-BFA6-35010587E4F7}.Debug|Any CPU.Build.0 = Debug|Any CPU
		{B82168B7-BBF1-4831-BFA6-35010587E4F7}.Release|Any CPU.ActiveCfg = Release|Any CPU
		{B82168B7-BBF1-4831-BFA6-35010587E4F7}.Release|Any CPU.Build.0 = Release|Any CPU
		{94FA708F-2971-4C36-AB26-1E5E5F5D791C}.Debug|Any CPU.ActiveCfg = Debug
		{94FA708F-2971-4C36-AB26-1E5E5F5D791C}.Release|Any CPU.ActiveCfg = Release
	EndGlobalSection
	GlobalSection(SolutionProperties) = preSolution
		HideSolutionNode = FALSE
	EndGlobalSection
	GlobalSection(ExtensibilityGlobals) = postSolution
		SolutionGuid = {1E7C6E6F-20BC-4217-81FB-9072AEFA6963}
	EndGlobalSection
EndGlobal
